
Microsoft Visual Studio Solution File, Format Version 12.00
# Visual Studio 2012
Project("{FAE04EC0-301F-11D3-BF4B-00C04F79EFBC}") = "313-PGM", "313-PGM\313-PGM.csproj", "{415E5257-06DE-4AD4-8C38-7768A70E33A3}"
EndProject
Project("{FAE04EC0-301F-11D3-BF4B-00C04F79EFBC}") = "269-MirrorEncryption", "269-MirrorEncription\269-MirrorEncryption.csproj", "{64D7F352-D493-4E99-80DC-27A57E1F20BA}"
EndProject
Project("{2150E333-8FDC-42A3-9474-1A3956D46DE8}") = "Utils", "Utils", "{BFD93912-C7DA-4A76-BD7C-4E1C69200FEF}"
EndProject
Project("{FAE04EC0-301F-11D3-BF4B-00C04F79EFBC}") = "Extensions", "Utils\Extensions\Extensions.csproj", "{91107C7E-792A-4678-BF84-A60AAAE975BC}"
EndProject
Project("{2150E333-8FDC-42A3-9474-1A3956D46DE8}") = "ImageUtil", "ImageUtil", "{EA5718D6-43BD-4A45-8022-0D1E5E8E212A}"
EndProject
Project("{FAE04EC0-301F-11D3-BF4B-00C04F79EFBC}") = "PGM", "Utils\ImageUtil\PGM\PGM.csproj", "{F8EE1D08-D82F-4FBD-937B-A62D5B444617}"
EndProject
Global
	GlobalSection(SolutionConfigurationPlatforms) = preSolution
		Debug|x86 = Debug|x86
		Release|x86 = Release|x86
	EndGlobalSection
	GlobalSection(ProjectConfigurationPlatforms) = postSolution
		{415E5257-06DE-4AD4-8C38-7768A70E33A3}.Debug|x86.ActiveCfg = Debug|x86
		{415E5257-06DE-4AD4-8C38-7768A70E33A3}.Debug|x86.Build.0 = Debug|x86
		{415E5257-06DE-4AD4-8C38-7768A70E33A3}.Release|x86.ActiveCfg = Release|x86
		{415E5257-06DE-4AD4-8C38-7768A70E33A3}.Release|x86.Build.0 = Release|x86
		{64D7F352-D493-4E99-80DC-27A57E1F20BA}.Debug|x86.ActiveCfg = Debug|x86
		{64D7F352-D493-4E99-80DC-27A57E1F20BA}.Debug|x86.Build.0 = Debug|x86
		{64D7F352-D493-4E99-80DC-27A57E1F20BA}.Release|x86.ActiveCfg = Release|x86
		{64D7F352-D493-4E99-80DC-27A57E1F20BA}.Release|x86.Build.0 = Release|x86
		{91107C7E-792A-4678-BF84-A60AAAE975BC}.Debug|x86.ActiveCfg = Debug|Any CPU
		{91107C7E-792A-4678-BF84-A60AAAE975BC}.Debug|x86.Build.0 = Debug|Any CPU
		{91107C7E-792A-4678-BF84-A60AAAE975BC}.Release|x86.ActiveCfg = Release|Any CPU
		{91107C7E-792A-4678-BF84-A60AAAE975BC}.Release|x86.Build.0 = Release|Any CPU
		{F8EE1D08-D82F-4FBD-937B-A62D5B444617}.Debug|x86.ActiveCfg = Debug|Any CPU
		{F8EE1D08-D82F-4FBD-937B-A62D5B444617}.Debug|x86.Build.0 = Debug|Any CPU
		{F8EE1D08-D82F-4FBD-937B-A62D5B444617}.Release|x86.ActiveCfg = Release|Any CPU
		{F8EE1D08-D82F-4FBD-937B-A62D5B444617}.Release|x86.Build.0 = Release|Any CPU
	EndGlobalSection
	GlobalSection(NestedProjects) = preSolution
		{91107C7E-792A-4678-BF84-A60AAAE975BC} = {BFD93912-C7DA-4A76-BD7C-4E1C69200FEF}
		{EA5718D6-43BD-4A45-8022-0D1E5E8E212A} = {BFD93912-C7DA-4A76-BD7C-4E1C69200FEF}
		{F8EE1D08-D82F-4FBD-937B-A62D5B444617} = {EA5718D6-43BD-4A45-8022-0D1E5E8E212A}
	EndGlobalSection
EndGlobal
